
Microsoft Visual Studio Solution File, Format Version 12.00
# Visual Studio Version 17
VisualStudioVersion = 17.11.35312.102
MinimumVisualStudioVersion = 10.0.40219.1
Project("{9A19103F-16F7-4668-BE54-9A1E7A4F7556}") = "Gestao", "Gestao\Gestao.csproj", "{8552DBC6-10B4-46CA-8F9D-C5CBA45570E9}"
EndProject
Project("{9A19103F-16F7-4668-BE54-9A1E7A4F7556}") = "Gestao.Client", "Gestao.Client\Gestao.Client.csproj", "{FC6B74E6-970A-4564-8692-0E89B99F0164}"
EndProject
Project("{9A19103F-16F7-4668-BE54-9A1E7A4F7556}") = "Gestao.Domain", "Gestao.Domain\Gestao.Domain.csproj", "{0A9560C3-1C84-4D85-AD9F-6AF4D53EC8B2}"
EndProject
Global
	GlobalSection(SolutionConfigurationPlatforms) = preSolution
		Debug|Any CPU = Debug|Any CPU
		Release|Any CPU = Release|Any CPU
	EndGlobalSection
	GlobalSection(ProjectConfigurationPlatforms) = postSolution
		{8552DBC6-10B4-46CA-8F9D-C5CBA45570E9}.Debug|Any CPU.ActiveCfg = Debug|Any CPU
		{8552DBC6-10B4-46CA-8F9D-C5CBA45570E9}.Debug|Any CPU.Build.0 = Debug|Any CPU
		{8552DBC6-10B4-46CA-8F9D-C5CBA45570E9}.Release|Any CPU.ActiveCfg = Release|Any CPU
		{8552DBC6-10B4-46CA-8F9D-C5CBA45570E9}.Release|Any CPU.Build.0 = Release|Any CPU
		{FC6B74E6-970A-4564-8692-0E89B99F0164}.Debug|Any CPU.ActiveCfg = Debug|Any CPU
		{FC6B74E6-970A-4564-8692-0E89B99F0164}.Debug|Any CPU.Build.0 = Debug|Any CPU
		{FC6B74E6-970A-4564-8692-0E89B99F0164}.Release|Any CPU.ActiveCfg = Release|Any CPU
		{FC6B74E6-970A-4564-8692-0E89B99F0164}.Release|Any CPU.Build.0 = Release|Any CPU
		{0A9560C3-1C84-4D85-AD9F-6AF4D53EC8B2}.Debug|Any CPU.ActiveCfg = Debug|Any CPU
		{0A9560C3-1C84-4D85-AD9F-6AF4D53EC8B2}.Debug|Any CPU.Build.0 = Debug|Any CPU
		{0A9560C3-1C84-4D85-AD9F-6AF4D53EC8B2}.Release|Any CPU.ActiveCfg = Release|Any CPU
		{0A9560C3-1C84-4D85-AD9F-6AF4D53EC8B2}.Release|Any CPU.Build.0 = Release|Any CPU
	EndGlobalSection
	GlobalSection(SolutionProperties) = preSolution
		HideSolutionNode = FALSE
	EndGlobalSection
	GlobalSection(ExtensibilityGlobals) = postSolution
		SolutionGuid = {D4E89024-4048-46CC-AE08-685197BCD861}
	EndGlobalSection
EndGlobal
